// !$*UTF8*$!
{
	archiveVersion = 1;
	classes = {
	};
	objectVersion = 46;
	objects = {

/* Begin PBXBuildFile section */
		967FC24719E69A7300D3063F /* AppDelegate.swift in Sources */ = {isa = PBXBuildFile; fileRef = 967FC24619E69A7300D3063F /* AppDelegate.swift */; };
		967FC24919E69A7300D3063F /* ViewController.swift in Sources */ = {isa = PBXBuildFile; fileRef = 967FC24819E69A7300D3063F /* ViewController.swift */; };
		967FC24C19E69A7300D3063F /* Main.storyboard in Resources */ = {isa = PBXBuildFile; fileRef = 967FC24A19E69A7300D3063F /* Main.storyboard */; };
		967FC24E19E69A7300D3063F /* Images.xcassets in Resources */ = {isa = PBXBuildFile; fileRef = 967FC24D19E69A7300D3063F /* Images.xcassets */; };
		967FC25119E69A7300D3063F /* LaunchScreen.xib in Resources */ = {isa = PBXBuildFile; fileRef = 967FC24F19E69A7300D3063F /* LaunchScreen.xib */; };
		967FC25D19E69A7300D3063F /* SARReadFromFileTests.swift in Sources */ = {isa = PBXBuildFile; fileRef = 967FC25C19E69A7300D3063F /* SARReadFromFileTests.swift */; };
		967FC26719E69AC200D3063F /* input.txt in Resources */ = {isa = PBXBuildFile; fileRef = 967FC26619E69AC200D3063F /* input.txt */; };
		967FC26B19E6B1FC00D3063F /* products.txt in Resources */ = {isa = PBXBuildFile; fileRef = 967FC26A19E6B1FC00D3063F /* products.txt */; };
		967FC26D19E6BFDD00D3063F /* orders.txt in Resources */ = {isa = PBXBuildFile; fileRef = 967FC26C19E6BFDD00D3063F /* orders.txt */; };
/* End PBXBuildFile section */

/* Begin PBXContainerItemProxy section */
		967FC25719E69A7300D3063F /* PBXContainerItemProxy */ = {
			isa = PBXContainerItemProxy;
			containerPortal = 967FC23919E69A7300D3063F /* Project object */;
			proxyType = 1;
			remoteGlobalIDString = 967FC24019E69A7300D3063F;
			remoteInfo = SARReadFromFile;
		};
/* End PBXContainerItemProxy section */

/* Begin PBXFileReference section */
		967FC24119E69A7300D3063F /* SARReadFromFile.app */ = {isa = PBXFileReference; explicitFileType = wrapper.application; includeInIndex = 0; path = SARReadFromFile.app; sourceTree = BUILT_PRODUCTS_DIR; };
		967FC24519E69A7300D3063F /* Info.plist */ = {isa = PBXFileReference; lastKnownFileType = text.plist.xml; path = Info.plist; sourceTree = "<group>"; };
		967FC24619E69A7300D3063F /* AppDelegate.swift */ = {isa = PBXFileReference; lastKnownFileType = sourcecode.swift; path = AppDelegate.swift; sourceTree = "<group>"; };
		967FC24819E69A7300D3063F /* ViewController.swift */ = {isa = PBXFileReference; lastKnownFileType = sourcecode.swift; path = ViewController.swift; sourceTree = "<group>"; };
		967FC24B19E69A7300D3063F /* Base */ = {isa = PBXFileReference; lastKnownFileType = file.storyboard; name = Base; path = Base.lproj/Main.storyboard; sourceTree = "<group>"; };
		967FC24D19E69A7300D3063F /* Images.xcassets */ = {isa = PBXFileReference; lastKnownFileType = folder.assetcatalog; path = Images.xcassets; sourceTree = "<group>"; };
		967FC25019E69A7300D3063F /* Base */ = {isa = PBXFileReference; lastKnownFileType = file.xib; name = Base; path = Base.lproj/LaunchScreen.xib; sourceTree = "<group>"; };
		967FC25619E69A7300D3063F /* SARReadFromFileTests.xctest */ = {isa = PBXFileReference; explicitFileType = wrapper.cfbundle; includeInIndex = 0; path = SARReadFromFileTests.xctest; sourceTree = BUILT_PRODUCTS_DIR; };
		967FC25B19E69A7300D3063F /* Info.plist */ = {isa = PBXFileReference; lastKnownFileType = text.plist.xml; path = Info.plist; sourceTree = "<group>"; };
		967FC25C19E69A7300D3063F /* SARReadFromFileTests.swift */ = {isa = PBXFileReference; lastKnownFileType = sourcecode.swift; path = SARReadFromFileTests.swift; sourceTree = "<group>"; };
		967FC26619E69AC200D3063F /* input.txt */ = {isa = PBXFileReference; fileEncoding = 4; lastKnownFileType = text; path = input.txt; sourceTree = "<group>"; };
		967FC26919E6A91D00D3063F /* en */ = {isa = PBXFileReference; lastKnownFileType = text.plist.strings; name = en; path = en.lproj/Main.strings; sourceTree = "<group>"; };
		967FC26A19E6B1FC00D3063F /* products.txt */ = {isa = PBXFileReference; fileEncoding = 4; lastKnownFileType = text; path = products.txt; sourceTree = "<group>"; };
		967FC26C19E6BFDD00D3063F /* orders.txt */ = {isa = PBXFileReference; fileEncoding = 4; lastKnownFileType = text; path = orders.txt; sourceTree = "<group>"; };
/* End PBXFileReference section */

/* Begin PBXFrameworksBuildPhase section */
		967FC23E19E69A7300D3063F /* Frameworks */ = {
			isa = PBXFrameworksBuildPhase;
			buildActionMask = 2147483647;
			files = (
			);
			runOnlyForDeploymentPostprocessing = 0;
		};
		967FC25319E69A7300D3063F /* Frameworks */ = {
			isa = PBXFrameworksBuildPhase;
			buildActionMask = 2147483647;
			files = (
			);
			runOnlyForDeploymentPostprocessing = 0;
		};
/* End PBXFrameworksBuildPhase section */

/* Begin PBXGroup section */
		967FC23819E69A7300D3063F = {
			isa = PBXGroup;
			children = (
				967FC24319E69A7300D3063F /* SARReadFromFile */,
				967FC25919E69A7300D3063F /* SARReadFromFileTests */,
				967FC24219E69A7300D3063F /* Products */,
			);
			sourceTree = "<group>";
		};
		967FC24219E69A7300D3063F /* Products */ = {
			isa = PBXGroup;
			children = (
				967FC24119E69A7300D3063F /* SARReadFromFile.app */,
				967FC25619E69A7300D3063F /* SARReadFromFileTests.xctest */,
			);
			name = Products;
			sourceTree = "<group>";
		};
		967FC24319E69A7300D3063F /* SARReadFromFile */ = {
			isa = PBXGroup;
			children = (
				967FC24619E69A7300D3063F /* AppDelegate.swift */,
				967FC24819E69A7300D3063F /* ViewController.swift */,
				967FC24A19E69A7300D3063F /* Main.storyboard */,
				967FC24D19E69A7300D3063F /* Images.xcassets */,
				967FC26A19E6B1FC00D3063F /* products.txt */,
				967FC26C19E6BFDD00D3063F /* orders.txt */,
				967FC26619E69AC200D3063F /* input.txt */,
				967FC24F19E69A7300D3063F /* LaunchScreen.xib */,
				967FC24419E69A7300D3063F /* Supporting Files */,
			);
			path = SARReadFromFile;
			sourceTree = "<group>";
		};
		967FC24419E69A7300D3063F /* Supporting Files */ = {
			isa = PBXGroup;
			children = (
				967FC24519E69A7300D3063F /* Info.plist */,
			);
			name = "Supporting Files";
			sourceTree = "<group>";
		};
		967FC25919E69A7300D3063F /* SARReadFromFileTests */ = {
			isa = PBXGroup;
			children = (
				967FC25C19E69A7300D3063F /* SARReadFromFileTests.swift */,
				967FC25A19E69A7300D3063F /* Supporting Files */,
			);
			path = SARReadFromFileTests;
			sourceTree = "<group>";
		};
		967FC25A19E69A7300D3063F /* Supporting Files */ = {
			isa = PBXGroup;
			children = (
				967FC25B19E69A7300D3063F /* Info.plist */,
			);
			name = "Supporting Files";
			sourceTree = "<group>";
		};
/* End PBXGroup section */

/* Begin PBXNativeTarget section */
		967FC24019E69A7300D3063F /* SARReadFromFile */ = {
			isa = PBXNativeTarget;
			buildConfigurationList = 967FC26019E69A7300D3063F /* Build configuration list for PBXNativeTarget "SARReadFromFile" */;
			buildPhases = (
				967FC23D19E69A7300D3063F /* Sources */,
				967FC23E19E69A7300D3063F /* Frameworks */,
				967FC23F19E69A7300D3063F /* Resources */,
			);
			buildRules = (
			);
			dependencies = (
			);
			name = SARReadFromFile;
			productName = SARReadFromFile;
			productReference = 967FC24119E69A7300D3063F /* SARReadFromFile.app */;
			productType = "com.apple.product-type.application";
		};
		967FC25519E69A7300D3063F /* SARReadFromFileTests */ = {
			isa = PBXNativeTarget;
			buildConfigurationList = 967FC26319E69A7300D3063F /* Build configuration list for PBXNativeTarget "SARReadFromFileTests" */;
			buildPhases = (
				967FC25219E69A7300D3063F /* Sources */,
				967FC25319E69A7300D3063F /* Frameworks */,
				967FC25419E69A7300D3063F /* Resources */,
			);
			buildRules = (
			);
			dependencies = (
				967FC25819E69A7300D3063F /* PBXTargetDependency */,
			);
			name = SARReadFromFileTests;
			productName = SARReadFromFileTests;
			productReference = 967FC25619E69A7300D3063F /* SARReadFromFileTests.xctest */;
			productType = "com.apple.product-type.bundle.unit-test";
		};
/* End PBXNativeTarget section */

/* Begin PBXProject section */
		967FC23919E69A7300D3063F /* Project object */ = {
			isa = PBXProject;
			attributes = {
				LastUpgradeCheck = 0610;
				ORGANIZATIONNAME = strahor;
				TargetAttributes = {
					967FC24019E69A7300D3063F = {
						CreatedOnToolsVersion = 6.1;
					};
					967FC25519E69A7300D3063F = {
						CreatedOnToolsVersion = 6.1;
						TestTargetID = 967FC24019E69A7300D3063F;
					};
				};
			};
			buildConfigurationList = 967FC23C19E69A7300D3063F /* Build configuration list for PBXProject "SARReadFromFile" */;
			compatibilityVersion = "Xcode 3.2";
			developmentRegion = English;
			hasScannedForEncodings = 0;
			knownRegions = (
				en,
				Base,
			);
			mainGroup = 967FC23819E69A7300D3063F;
			productRefGroup = 967FC24219E69A7300D3063F /* Products */;
			projectDirPath = "";
			projectRoot = "";
			targets = (
				967FC24019E69A7300D3063F /* SARReadFromFile */,
				967FC25519E69A7300D3063F /* SARReadFromFileTests */,
			);
		};
/* End PBXProject section */

/* Begin PBXResourcesBuildPhase section */
		967FC23F19E69A7300D3063F /* Resources */ = {
			isa = PBXResourcesBuildPhase;
			buildActionMask = 2147483647;
			files = (
				967FC26B19E6B1FC00D3063F /* products.txt in Resources */,
				967FC26D19E6BFDD00D3063F /* orders.txt in Resources */,
				967FC24C19E69A7300D3063F /* Main.storyboard in Resources */,
				967FC25119E69A7300D3063F /* LaunchScreen.xib in Resources */,
				967FC24E19E69A7300D3063F /* Images.xcassets in Resources */,
				967FC26719E69AC200D3063F /* input.txt in Resources */,
			);
			runOnlyForDeploymentPostprocessing = 0;
		};
		967FC25419E69A7300D3063F /* Resources */ = {
			isa = PBXResourcesBuildPhase;
			buildActionMask = 2147483647;
			files = (
			);
			runOnlyForDeploymentPostprocessing = 0;
		};
/* End PBXResourcesBuildPhase section */

/* Begin PBXSourcesBuildPhase section */
		967FC23D19E69A7300D3063F /* Sources */ = {
			isa = PBXSourcesBuildPhase;
			buildActionMask = 2147483647;
			files = (
				967FC24919E69A7300D3063F /* ViewController.swift in Sources */,
				967FC24719E69A7300D3063F /* AppDelegate.swift in Sources */,
			);
			runOnlyForDeploymentPostprocessing = 0;
		};
		967FC25219E69A7300D3063F /* Sources */ = {
			isa = PBXSourcesBuildPhase;
			buildActionMask = 2147483647;
			files = (
				967FC25D19E69A7300D3063F /* SARReadFromFileTests.swift in Sources */,
			);
			runOnlyForDeploymentPostprocessing = 0;
		};
/* End PBXSourcesBuildPhase section */

/* Begin PBXTargetDependency section */
		967FC25819E69A7300D3063F /* PBXTargetDependency */ = {
			isa = PBXTargetDependency;
			target = 967FC24019E69A7300D3063F /* SARReadFromFile */;
			targetProxy = 967FC25719E69A7300D3063F /* PBXContainerItemProxy */;
		};
/* End PBXTargetDependency section */

/* Begin PBXVariantGroup section */
		967FC24A19E69A7300D3063F /* Main.storyboard */ = {
			isa = PBXVariantGroup;
			children = (
				967FC24B19E69A7300D3063F /* Base */,
				967FC26919E6A91D00D3063F /* en */,
			);
			name = Main.storyboard;
			sourceTree = "<group>";
		};
		967FC24F19E69A7300D3063F /* LaunchScreen.xib */ = {
			isa = PBXVariantGroup;
			children = (
				967FC25019E69A7300D3063F /* Base */,
			);
			name = LaunchScreen.xib;
			sourceTree = "<group>";
		};
/* End PBXVariantGroup section */

/* Begin XCBuildConfiguration section */
		967FC25E19E69A7300D3063F /* Debug */ = {
			isa = XCBuildConfiguration;
			buildSettings = {
				ALWAYS_SEARCH_USER_PATHS = NO;
				CLANG_CXX_LANGUAGE_STANDARD = "gnu++0x";
				CLANG_CXX_LIBRARY = "libc++";
				CLANG_ENABLE_MODULES = YES;
				CLANG_ENABLE_OBJC_ARC = YES;
				CLANG_WARN_BOOL_CONVERSION = YES;
				CLANG_WARN_CONSTANT_CONVERSION = YES;
				CLANG_WARN_DIRECT_OBJC_ISA_USAGE = YES_ERROR;
				CLANG_WARN_EMPTY_BODY = YES;
				CLANG_WARN_ENUM_CONVERSION = YES;
				CLANG_WARN_INT_CONVERSION = YES;
				CLANG_WARN_OBJC_ROOT_CLASS = YES_ERROR;
				CLANG_WARN_UNREACHABLE_CODE = YES;
				CLANG_WARN__DUPLICATE_METHOD_MATCH = YES;
				"CODE_SIGN_IDENTITY[sdk=iphoneos*]" = "iPhone Developer";
				COPY_PHASE_STRIP = NO;
				ENABLE_STRICT_OBJC_MSGSEND = YES;
				GCC_C_LANGUAGE_STANDARD = gnu99;
				GCC_DYNAMIC_NO_PIC = NO;
				GCC_OPTIMIZATION_LEVEL = 0;
				GCC_PREPROCESSOR_DEFINITIONS = (
					"DEBUG=1",
					"$(inherited)",
				);
				GCC_SYMBOLS_PRIVATE_EXTERN = NO;
				GCC_WARN_64_TO_32_BIT_CONVERSION = YES;
				GCC_WARN_ABOUT_RETURN_TYPE = YES_ERROR;
				GCC_WARN_UNDECLARED_SELECTOR = YES;
				GCC_WARN_UNINITIALIZED_AUTOS = YES_AGGRESSIVE;
				GCC_WARN_UNUSED_FUNCTION = YES;
				GCC_WARN_UNUSED_VARIABLE = YES;
				IPHONEOS_DEPLOYMENT_TARGET = 8.1;
				MTL_ENABLE_DEBUG_INFO = YES;
				ONLY_ACTIVE_ARCH = YES;
				SDKROOT = iphoneos;
				SWIFT_OPTIMIZATION_LEVEL = "-Onone";
			};
			name = Debug;
		};
		967FC25F19E69A7300D3063F /* Release */ = {
			isa = XCBuildConfiguration;
			buildSettings = {
				ALWAYS_SEARCH_USER_PATHS = NO;
				CLANG_CXX_LANGUAGE_STANDARD = "gnu++0x";
				CLANG_CXX_LIBRARY = "libc++";
				CLANG_ENABLE_MODULES = YES;
				CLANG_ENABLE_OBJC_ARC = YES;
				CLANG_WARN_BOOL_CONVERSION = YES;
				CLANG_WARN_CONSTANT_CONVERSION = YES;
				CLANG_WARN_DIRECT_OBJC_ISA_USAGE = YES_ERROR;
				CLANG_WARN_EMPTY_BODY = YES;
				CLANG_WARN_ENUM_CONVERSION = YES;
				CLANG_WARN_INT_CONVERSION = YES;
				CLANG_WARN_OBJC_ROOT_CLASS = YES_ERROR;
				CLANG_WARN_UNREACHABLE_CODE = YES;
				CLANG_WARN__DUPLICATE_METHOD_MATCH = YES;
				"CODE_SIGN_IDENTITY[sdk=iphoneos*]" = "iPhone Developer";
				COPY_PHASE_STRIP = YES;
				ENABLE_NS_ASSERTIONS = NO;
				ENABLE_STRICT_OBJC_MSGSEND = YES;
				GCC_C_LANGUAGE_STANDARD = gnu99;
				GCC_WARN_64_TO_32_BIT_CONVERSION = YES;
				GCC_WARN_ABOUT_RETURN_TYPE = YES_ERROR;
				GCC_WARN_UNDECLARED_SELECTOR = YES;
				GCC_WARN_UNINITIALIZED_AUTOS = YES_AGGRESSIVE;
				GCC_WARN_UNUSED_FUNCTION = YES;
				GCC_WARN_UNUSED_VARIABLE = YES;
				IPHONEOS_DEPLOYMENT_TARGET = 8.1;
				MTL_ENABLE_DEBUG_INFO = NO;
				SDKROOT = iphoneos;
				VALIDATE_PRODUCT = YES;
			};
			name = Release;
		};
		967FC26119E69A7300D3063F /* Debug */ = {
			isa = XCBuildConfiguration;
			buildSettings = {
				ASSETCATALOG_COMPILER_APPICON_NAME = AppIcon;
				INFOPLIST_FILE = SARReadFromFile/Info.plist;
				LD_RUNPATH_SEARCH_PATHS = "$(inherited) @executable_path/Frameworks";
				PRODUCT_NAME = "$(TARGET_NAME)";
			};
			name = Debug;
		};
		967FC26219E69A7300D3063F /* Release */ = {
			isa = XCBuildConfiguration;
			buildSettings = {
				ASSETCATALOG_COMPILER_APPICON_NAME = AppIcon;
				INFOPLIST_FILE = SARReadFromFile/Info.plist;
				LD_RUNPATH_SEARCH_PATHS = "$(inherited) @executable_path/Frameworks";
				PRODUCT_NAME = "$(TARGET_NAME)";
			};
			name = Release;
		};
		967FC26419E69A7300D3063F /* Debug */ = {
			isa = XCBuildConfiguration;
			buildSettings = {
				BUNDLE_LOADER = "$(TEST_HOST)";
				FRAMEWORK_SEARCH_PATHS = (
					"$(SDKROOT)/Developer/Library/Frameworks",
					"$(inherited)",
				);
				GCC_PREPROCESSOR_DEFINITIONS = (
					"DEBUG=1",
					"$(inherited)",
				);
				INFOPLIST_FILE = SARReadFromFileTests/Info.plist;
				LD_RUNPATH_SEARCH_PATHS = "$(inherited) @executable_path/Frameworks @loader_path/Frameworks";
				PRODUCT_NAME = "$(TARGET_NAME)";
				TEST_HOST = "$(BUILT_PRODUCTS_DIR)/SARReadFromFile.app/SARReadFromFile";
			};
			name = Debug;
		};
		967FC26519E69A7300D3063F /* Release */ = {
			isa = XCBuildConfiguration;
			buildSettings = {
				BUNDLE_LOADER = "$(TEST_HOST)";
				FRAMEWORK_SEARCH_PATHS = (
					"$(SDKROOT)/Developer/Library/Frameworks",
					"$(inherited)",
				);
				INFOPLIST_FILE = SARReadFromFileTests/Info.plist;
				LD_RUNPATH_SEARCH_PATHS = "$(inherited) @executable_path/Frameworks @loader_path/Frameworks";
				PRODUCT_NAME = "$(TARGET_NAME)";
				TEST_HOST = "$(BUILT_PRODUCTS_DIR)/SARReadFromFile.app/SARReadFromFile";
			};
			name = Release;
		};
/* End XCBuildConfiguration section */

/* Begin XCConfigurationList section */
		967FC23C19E69A7300D3063F /* Build configuration list for PBXProject "SARReadFromFile" */ = {
			isa = XCConfigurationList;
			buildConfigurations = (
				967FC25E19E69A7300D3063F /* Debug */,
				967FC25F19E69A7300D3063F /* Release */,
			);
			defaultConfigurationIsVisible = 0;
			defaultConfigurationName = Release;
		};
		967FC26019E69A7300D3063F /* Build configuration list for PBXNativeTarget "SARReadFromFile" */ = {
			isa = XCConfigurationList;
			buildConfigurations = (
				967FC26119E69A7300D3063F /* Debug */,
				967FC26219E69A7300D3063F /* Release */,
			);
			defaultConfigurationIsVisible = 0;
			defaultConfigurationName = Release;
		};
		967FC26319E69A7300D3063F /* Build configuration list for PBXNativeTarget "SARReadFromFileTests" */ = {
			isa = XCConfigurationList;
			buildConfigurations = (
				967FC26419E69A7300D3063F /* Debug */,
				967FC26519E69A7300D3063F /* Release */,
			);
			defaultConfigurationIsVisible = 0;
			defaultConfigurationName = Release;
		};
/* End XCConfigurationList section */
	};
	rootObject = 967FC23919E69A7300D3063F /* Project object */;
}
